
Microsoft Visual Studio Solution File, Format Version 10.00
# Visual C++ Express 2008
Project("{8BC9CEB8-8B4A-11D0-8D11-00A0C91BC942}") = "tmvtest3", "tmvtest3.vcproj", "{60B54B5E-479C-45BD-B796-834015A94EC3}"
EndProject
Project("{8BC9CEB8-8B4A-11D0-8D11-00A0C91BC942}") = "tmv", "tmv.vcproj", "{C0BF1374-B8C4-45A6-B87D-43DC20D0589F}"
EndProject
Global
	GlobalSection(SolutionConfigurationPlatforms) = preSolution
		Debug|Win32 = Debug|Win32
		Release|Win32 = Release|Win32
	EndGlobalSection
	GlobalSection(ProjectConfigurationPlatforms) = postSolution
		{60B54B5E-479C-45BD-B796-834015A94EC3}.Debug|Win32.ActiveCfg = Debug|Win32
		{60B54B5E-479C-45BD-B796-834015A94EC3}.Debug|Win32.Build.0 = Debug|Win32
		{60B54B5E-479C-45BD-B796-834015A94EC3}.Release|Win32.ActiveCfg = Release|Win32
		{60B54B5E-479C-45BD-B796-834015A94EC3}.Release|Win32.Build.0 = Release|Win32
		{C0BF1374-B8C4-45A6-B87D-43DC20D0589F}.Debug|Win32.ActiveCfg = Debug|Win32
		{C0BF1374-B8C4-45A6-B87D-43DC20D0589F}.Debug|Win32.Build.0 = Debug|Win32
		{C0BF1374-B8C4-45A6-B87D-43DC20D0589F}.Release|Win32.ActiveCfg = Release|Win32
		{C0BF1374-B8C4-45A6-B87D-43DC20D0589F}.Release|Win32.Build.0 = Release|Win32
	EndGlobalSection
	GlobalSection(SolutionProperties) = preSolution
		HideSolutionNode = FALSE
	EndGlobalSection
EndGlobal
