
Microsoft Visual Studio Solution File, Format Version 10.00
# Visual C++ Express 2008
Project("{8BC9CEB8-8B4A-11D0-8D11-00A0C91BC942}") = "tmvtest2", "tmvtest2.vcproj", "{4BF0E993-E084-450A-8E18-52B506B51D3C}"
EndProject
Project("{8BC9CEB8-8B4A-11D0-8D11-00A0C91BC942}") = "tmv", "tmv.vcproj", "{C0BF1374-B8C4-45A6-B87D-43DC20D0589F}"
EndProject
Project("{8BC9CEB8-8B4A-11D0-8D11-00A0C91BC942}") = "tmv_symband", "tmv_symband.vcproj", "{84BF9192-9576-4570-A9E1-2D4E66E19E94}"
EndProject
Global
	GlobalSection(SolutionConfigurationPlatforms) = preSolution
		Debug|Win32 = Debug|Win32
		Release|Win32 = Release|Win32
	EndGlobalSection
	GlobalSection(ProjectConfigurationPlatforms) = postSolution
		{4BF0E993-E084-450A-8E18-52B506B51D3C}.Debug|Win32.ActiveCfg = Debug|Win32
		{4BF0E993-E084-450A-8E18-52B506B51D3C}.Debug|Win32.Build.0 = Debug|Win32
		{4BF0E993-E084-450A-8E18-52B506B51D3C}.Release|Win32.ActiveCfg = Release|Win32
		{4BF0E993-E084-450A-8E18-52B506B51D3C}.Release|Win32.Build.0 = Release|Win32
		{C0BF1374-B8C4-45A6-B87D-43DC20D0589F}.Debug|Win32.ActiveCfg = Debug|Win32
		{C0BF1374-B8C4-45A6-B87D-43DC20D0589F}.Debug|Win32.Build.0 = Debug|Win32
		{C0BF1374-B8C4-45A6-B87D-43DC20D0589F}.Release|Win32.ActiveCfg = Release|Win32
		{C0BF1374-B8C4-45A6-B87D-43DC20D0589F}.Release|Win32.Build.0 = Release|Win32
		{84BF9192-9576-4570-A9E1-2D4E66E19E94}.Debug|Win32.ActiveCfg = Debug|Win32
		{84BF9192-9576-4570-A9E1-2D4E66E19E94}.Debug|Win32.Build.0 = Debug|Win32
		{84BF9192-9576-4570-A9E1-2D4E66E19E94}.Release|Win32.ActiveCfg = Release|Win32
		{84BF9192-9576-4570-A9E1-2D4E66E19E94}.Release|Win32.Build.0 = Release|Win32
	EndGlobalSection
	GlobalSection(SolutionProperties) = preSolution
		HideSolutionNode = FALSE
	EndGlobalSection
EndGlobal
