
Microsoft Visual Studio Solution File, Format Version 10.00
# Visual C++ Express 2008
Project("{8BC9CEB8-8B4A-11D0-8D11-00A0C91BC942}") = "tmvtest1", "tmvtest1.vcproj", "{881E7D87-8CD9-475D-9573-5B50DC8F13E4}"
EndProject
Project("{8BC9CEB8-8B4A-11D0-8D11-00A0C91BC942}") = "tmv", "tmv.vcproj", "{C0BF1374-B8C4-45A6-B87D-43DC20D0589F}"
EndProject
Global
	GlobalSection(SolutionConfigurationPlatforms) = preSolution
		Debug|Win32 = Debug|Win32
		Release|Win32 = Release|Win32
	EndGlobalSection
	GlobalSection(ProjectConfigurationPlatforms) = postSolution
		{881E7D87-8CD9-475D-9573-5B50DC8F13E4}.Debug|Win32.ActiveCfg = Debug|Win32
		{881E7D87-8CD9-475D-9573-5B50DC8F13E4}.Debug|Win32.Build.0 = Debug|Win32
		{881E7D87-8CD9-475D-9573-5B50DC8F13E4}.Release|Win32.ActiveCfg = Release|Win32
		{881E7D87-8CD9-475D-9573-5B50DC8F13E4}.Release|Win32.Build.0 = Release|Win32
		{C0BF1374-B8C4-45A6-B87D-43DC20D0589F}.Debug|Win32.ActiveCfg = Debug|Win32
		{C0BF1374-B8C4-45A6-B87D-43DC20D0589F}.Debug|Win32.Build.0 = Debug|Win32
		{C0BF1374-B8C4-45A6-B87D-43DC20D0589F}.Release|Win32.ActiveCfg = Release|Win32
		{C0BF1374-B8C4-45A6-B87D-43DC20D0589F}.Release|Win32.Build.0 = Release|Win32
	EndGlobalSection
	GlobalSection(SolutionProperties) = preSolution
		HideSolutionNode = FALSE
	EndGlobalSection
EndGlobal
